{
  "name": "aluracar",
  "version": "1.1.1",
  "lockfileVersion": 1,
  "requires": true,
  "dependencies": {
    "angular-br-filters": {
      "version": "0.7.0",
      "resolved": "https://registry.npmjs.org/angular-br-filters/-/angular-br-filters-0.7.0.tgz",
      "integrity": "sha1-IlvYLvaORs6GENnm1XzGZWw/fxQ=",
      "requires": {
        "br-masks": "0.5.0"
      }
    },
    "br-masks": {
      "version": "0.5.0",
      "resolved": "https://registry.npmjs.org/br-masks/-/br-masks-0.5.0.tgz",
      "integrity": "sha1-31aRoABFFSl4WNtbnwp91TGtldw=",
      "requires": {
        "string-mask": "0.3.0"
      }
    },
    "string-mask": {
      "version": "0.3.0",
      "resolved": "https://registry.npmjs.org/string-mask/-/string-mask-0.3.0.tgz",
      "integrity": "sha1-nnJEuHuy9vlkfirJj5b6GlfCEZg="
    }
  }
}
